
Microsoft Visual Studio Solution File, Format Version 12.00
# Visual Studio Version 16
VisualStudioVersion = 16.0.30225.117
MinimumVisualStudioVersion = 10.0.40219.1
Project("{9A19103F-16F7-4668-BE54-9A1E7A4F7556}") = "Account.Tests", "Account.Tests\Account.Tests.csproj", "{8ECE9459-A742-4AE6-831F-A3CD58CDD02F}"
EndProject
Project("{2150E333-8FDC-42A3-9474-1A3956D46DE8}") = "Account", "Account", "{393569F1-40D9-4BA1-9F89-4FCDE0C7077B}"
EndProject
Project("{9A19103F-16F7-4668-BE54-9A1E7A4F7556}") = "Account.Services", "Account.Services\Account.Services.csproj", "{3374D93B-CCCC-4CF3-84E3-D311DF2D7DFE}"
EndProject
Project("{9A19103F-16F7-4668-BE54-9A1E7A4F7556}") = "Account.Data", "Account.Data\Account.Data.csproj", "{03EBC98F-53F4-4355-B59C-7485C935C3FA}"
EndProject
Project("{9A19103F-16F7-4668-BE54-9A1E7A4F7556}") = "Account.WebApi", "Account.WebApi\Account.WebApi.csproj", "{3B288466-314A-4B5B-B8EF-6AD8CAC0EFA3}"
EndProject
Project("{2150E333-8FDC-42A3-9474-1A3956D46DE8}") = "Transaction", "Transaction", "{925C7B20-1184-484E-B79F-357303B799FC}"
EndProject
Project("{9A19103F-16F7-4668-BE54-9A1E7A4F7556}") = "Transaction.WebApi", "Transaction.WebApi\Transaction.WebApi.csproj", "{8CACA32D-F168-430A-B98F-A6ECAA8A16C7}"
EndProject
Project("{9A19103F-16F7-4668-BE54-9A1E7A4F7556}") = "Transaction.Data", "Transaction.Data\Transaction.Data.csproj", "{102A31E5-2091-41F9-8586-7FDDC07A7DE4}"
EndProject
Project("{9A19103F-16F7-4668-BE54-9A1E7A4F7556}") = "Transaction.Services", "Transaction.Services\Transaction.Services.csproj", "{C9903C31-DD5C-4113-843A-7CA5D72FFFB8}"
EndProject
Project("{2150E333-8FDC-42A3-9474-1A3956D46DE8}") = "Shared", "Shared", "{D50EC132-646C-45E4-A08F-C0B91DF36680}"
EndProject
Project("{9A19103F-16F7-4668-BE54-9A1E7A4F7556}") = "Messages", "Messages\Messages.csproj", "{086236FD-2C56-4BED-AA1D-3E187D757EFB}"
EndProject
Project("{9A19103F-16F7-4668-BE54-9A1E7A4F7556}") = "Transaction.Messaging", "Transaction.Messaging\Transaction.Messaging.csproj", "{E0F5BCB4-6990-445D-A6B2-DEA3DE839864}"
EndProject
Project("{9A19103F-16F7-4668-BE54-9A1E7A4F7556}") = "Account.Messaging", "Account.Messaging\Account.Messaging.csproj", "{E0DC460B-016A-4DEC-AB5E-77B730BB8AB1}"
EndProject
Project("{FAE04EC0-301F-11D3-BF4B-00C04F79EFBC}") = "Transaction.Tests", "Transaction.Tests\Transaction.Tests.csproj", "{116AC664-7FA0-4C15-A3F4-39F30E26E688}"
EndProject
Global
	GlobalSection(SolutionConfigurationPlatforms) = preSolution
		Debug|Any CPU = Debug|Any CPU
		Release|Any CPU = Release|Any CPU
	EndGlobalSection
	GlobalSection(ProjectConfigurationPlatforms) = postSolution
		{8ECE9459-A742-4AE6-831F-A3CD58CDD02F}.Debug|Any CPU.ActiveCfg = Debug|Any CPU
		{8ECE9459-A742-4AE6-831F-A3CD58CDD02F}.Debug|Any CPU.Build.0 = Debug|Any CPU
		{8ECE9459-A742-4AE6-831F-A3CD58CDD02F}.Release|Any CPU.ActiveCfg = Release|Any CPU
		{8ECE9459-A742-4AE6-831F-A3CD58CDD02F}.Release|Any CPU.Build.0 = Release|Any CPU
		{3374D93B-CCCC-4CF3-84E3-D311DF2D7DFE}.Debug|Any CPU.ActiveCfg = Debug|Any CPU
		{3374D93B-CCCC-4CF3-84E3-D311DF2D7DFE}.Debug|Any CPU.Build.0 = Debug|Any CPU
		{3374D93B-CCCC-4CF3-84E3-D311DF2D7DFE}.Release|Any CPU.ActiveCfg = Release|Any CPU
		{3374D93B-CCCC-4CF3-84E3-D311DF2D7DFE}.Release|Any CPU.Build.0 = Release|Any CPU
		{03EBC98F-53F4-4355-B59C-7485C935C3FA}.Debug|Any CPU.ActiveCfg = Debug|Any CPU
		{03EBC98F-53F4-4355-B59C-7485C935C3FA}.Debug|Any CPU.Build.0 = Debug|Any CPU
		{03EBC98F-53F4-4355-B59C-7485C935C3FA}.Release|Any CPU.ActiveCfg = Release|Any CPU
		{03EBC98F-53F4-4355-B59C-7485C935C3FA}.Release|Any CPU.Build.0 = Release|Any CPU
		{3B288466-314A-4B5B-B8EF-6AD8CAC0EFA3}.Debug|Any CPU.ActiveCfg = Debug|Any CPU
		{3B288466-314A-4B5B-B8EF-6AD8CAC0EFA3}.Debug|Any CPU.Build.0 = Debug|Any CPU
		{3B288466-314A-4B5B-B8EF-6AD8CAC0EFA3}.Release|Any CPU.ActiveCfg = Release|Any CPU
		{3B288466-314A-4B5B-B8EF-6AD8CAC0EFA3}.Release|Any CPU.Build.0 = Release|Any CPU
		{8CACA32D-F168-430A-B98F-A6ECAA8A16C7}.Debug|Any CPU.ActiveCfg = Debug|Any CPU
		{8CACA32D-F168-430A-B98F-A6ECAA8A16C7}.Debug|Any CPU.Build.0 = Debug|Any CPU
		{8CACA32D-F168-430A-B98F-A6ECAA8A16C7}.Release|Any CPU.ActiveCfg = Release|Any CPU
		{8CACA32D-F168-430A-B98F-A6ECAA8A16C7}.Release|Any CPU.Build.0 = Release|Any CPU
		{102A31E5-2091-41F9-8586-7FDDC07A7DE4}.Debug|Any CPU.ActiveCfg = Debug|Any CPU
		{102A31E5-2091-41F9-8586-7FDDC07A7DE4}.Debug|Any CPU.Build.0 = Debug|Any CPU
		{102A31E5-2091-41F9-8586-7FDDC07A7DE4}.Release|Any CPU.ActiveCfg = Release|Any CPU
		{102A31E5-2091-41F9-8586-7FDDC07A7DE4}.Release|Any CPU.Build.0 = Release|Any CPU
		{C9903C31-DD5C-4113-843A-7CA5D72FFFB8}.Debug|Any CPU.ActiveCfg = Debug|Any CPU
		{C9903C31-DD5C-4113-843A-7CA5D72FFFB8}.Debug|Any CPU.Build.0 = Debug|Any CPU
		{C9903C31-DD5C-4113-843A-7CA5D72FFFB8}.Release|Any CPU.ActiveCfg = Release|Any CPU
		{C9903C31-DD5C-4113-843A-7CA5D72FFFB8}.Release|Any CPU.Build.0 = Release|Any CPU
		{086236FD-2C56-4BED-AA1D-3E187D757EFB}.Debug|Any CPU.ActiveCfg = Debug|Any CPU
		{086236FD-2C56-4BED-AA1D-3E187D757EFB}.Debug|Any CPU.Build.0 = Debug|Any CPU
		{086236FD-2C56-4BED-AA1D-3E187D757EFB}.Release|Any CPU.ActiveCfg = Release|Any CPU
		{086236FD-2C56-4BED-AA1D-3E187D757EFB}.Release|Any CPU.Build.0 = Release|Any CPU
		{E0F5BCB4-6990-445D-A6B2-DEA3DE839864}.Debug|Any CPU.ActiveCfg = Debug|Any CPU
		{E0F5BCB4-6990-445D-A6B2-DEA3DE839864}.Debug|Any CPU.Build.0 = Debug|Any CPU
		{E0F5BCB4-6990-445D-A6B2-DEA3DE839864}.Release|Any CPU.ActiveCfg = Release|Any CPU
		{E0F5BCB4-6990-445D-A6B2-DEA3DE839864}.Release|Any CPU.Build.0 = Release|Any CPU
		{E0DC460B-016A-4DEC-AB5E-77B730BB8AB1}.Debug|Any CPU.ActiveCfg = Debug|Any CPU
		{E0DC460B-016A-4DEC-AB5E-77B730BB8AB1}.Debug|Any CPU.Build.0 = Debug|Any CPU
		{E0DC460B-016A-4DEC-AB5E-77B730BB8AB1}.Release|Any CPU.ActiveCfg = Release|Any CPU
		{E0DC460B-016A-4DEC-AB5E-77B730BB8AB1}.Release|Any CPU.Build.0 = Release|Any CPU
		{116AC664-7FA0-4C15-A3F4-39F30E26E688}.Debug|Any CPU.ActiveCfg = Debug|Any CPU
		{116AC664-7FA0-4C15-A3F4-39F30E26E688}.Debug|Any CPU.Build.0 = Debug|Any CPU
		{116AC664-7FA0-4C15-A3F4-39F30E26E688}.Release|Any CPU.ActiveCfg = Release|Any CPU
		{116AC664-7FA0-4C15-A3F4-39F30E26E688}.Release|Any CPU.Build.0 = Release|Any CPU
	EndGlobalSection
	GlobalSection(SolutionProperties) = preSolution
		HideSolutionNode = FALSE
	EndGlobalSection
	GlobalSection(NestedProjects) = preSolution
		{8ECE9459-A742-4AE6-831F-A3CD58CDD02F} = {393569F1-40D9-4BA1-9F89-4FCDE0C7077B}
		{3374D93B-CCCC-4CF3-84E3-D311DF2D7DFE} = {393569F1-40D9-4BA1-9F89-4FCDE0C7077B}
		{03EBC98F-53F4-4355-B59C-7485C935C3FA} = {393569F1-40D9-4BA1-9F89-4FCDE0C7077B}
		{3B288466-314A-4B5B-B8EF-6AD8CAC0EFA3} = {393569F1-40D9-4BA1-9F89-4FCDE0C7077B}
		{8CACA32D-F168-430A-B98F-A6ECAA8A16C7} = {925C7B20-1184-484E-B79F-357303B799FC}
		{102A31E5-2091-41F9-8586-7FDDC07A7DE4} = {925C7B20-1184-484E-B79F-357303B799FC}
		{C9903C31-DD5C-4113-843A-7CA5D72FFFB8} = {925C7B20-1184-484E-B79F-357303B799FC}
		{086236FD-2C56-4BED-AA1D-3E187D757EFB} = {D50EC132-646C-45E4-A08F-C0B91DF36680}
		{E0F5BCB4-6990-445D-A6B2-DEA3DE839864} = {925C7B20-1184-484E-B79F-357303B799FC}
		{E0DC460B-016A-4DEC-AB5E-77B730BB8AB1} = {393569F1-40D9-4BA1-9F89-4FCDE0C7077B}
		{116AC664-7FA0-4C15-A3F4-39F30E26E688} = {925C7B20-1184-484E-B79F-357303B799FC}
	EndGlobalSection
	GlobalSection(ExtensibilityGlobals) = postSolution
		SolutionGuid = {DD55E7FE-8B46-472D-9F07-3691A9BF5F70}
	EndGlobalSection
EndGlobal
